PODS:
  - Alamofire (5.7.1)
  - CryptoSwift (1.7.1)
  - DropDown (2.3.13)
  - IQKeyboardManagerSwift (6.5.12)

DEPENDENCIES:
  - Alamofire
  - CryptoSwift
  - DropDown
  - IQKeyboardManagerSwift

SPEC REPOS:
  trunk:
    - Alamofire
    - CryptoSwift
    - DropDown
    - IQKeyboardManagerSwift

SPEC CHECKSUMS:
  Alamofire: 0123a34370cb170936ae79a8df46cc62b2edeb88
  CryptoSwift: d3d18dc357932f7e6d580689e065cf1f176007c1
  DropDown: 8a2116376c1981888557f72ec2ffc9a5e0e456ec
  IQKeyboardManagerSwift: 371b08cb39664fb56030f5345c815a4ffc74bbc0

PODFILE CHECKSUM: 4961acc60cb14afbc71f815e9e26939f8817a725

COCOAPODS: 1.12.1
