// !$*UTF8*$!
{
	archiveVersion = 1;
	classes = {
	};
	objectVersion = 56;
	objects = {

/* Begin PBXBuildFile section */
		4227A84238157DDF8C124EAF /* Pods_StitchWidget_StitchWidgetTests.framework in Frameworks */ = {isa = PBXBuildFile; fileRef = 20D38D6453B13ADA3498C310 /* Pods_StitchWidget_StitchWidgetTests.framework */; };
		73CD95F92AA24D5400FA84AE /* GetCardDetailEntity.swift in Sources */ = {isa = PBXBuildFile; fileRef = 73CD95E12AA24D5400FA84AE /* GetCardDetailEntity.swift */; };
		73CD95FA2AA24D5400FA84AE /* SessionKeyEntity.swift in Sources */ = {isa = PBXBuildFile; fileRef = 73CD95E22AA24D5400FA84AE /* SessionKeyEntity.swift */; };
		73CD95FB2AA24D5400FA84AE /* ApplicationExtension.swift in Sources */ = {isa = PBXBuildFile; fileRef = 73CD95E52AA24D5400FA84AE /* ApplicationExtension.swift */; };
		73CD95FC2AA24D5400FA84AE /* ExtensionButton.swift in Sources */ = {isa = PBXBuildFile; fileRef = 73CD95E62AA24D5400FA84AE /* ExtensionButton.swift */; };
		73CD95FD2AA24D5400FA84AE /* ExtensionString.swift in Sources */ = {isa = PBXBuildFile; fileRef = 73CD95E72AA24D5400FA84AE /* ExtensionString.swift */; };
		73CD95FE2AA24D5400FA84AE /* ExtensionTextField.swift in Sources */ = {isa = PBXBuildFile; fileRef = 73CD95E82AA24D5400FA84AE /* ExtensionTextField.swift */; };
		73CD95FF2AA24D5400FA84AE /* Constant.swift in Sources */ = {isa = PBXBuildFile; fileRef = 73CD95EA2AA24D5400FA84AE /* Constant.swift */; };
		73CD96002AA24D5400FA84AE /* WidgetCardView.swift in Sources */ = {isa = PBXBuildFile; fileRef = 73CD95ED2AA24D5400FA84AE /* WidgetCardView.swift */; };
		73CD96012AA24D5400FA84AE /* WidgetCardView.xib in Resources */ = {isa = PBXBuildFile; fileRef = 73CD95EE2AA24D5400FA84AE /* WidgetCardView.xib */; };
		73CD96022AA24D5400FA84AE /* PinView.swift in Sources */ = {isa = PBXBuildFile; fileRef = 73CD95F02AA24D5400FA84AE /* PinView.swift */; };
		73CD96032AA24D5400FA84AE /* PinView.xib in Resources */ = {isa = PBXBuildFile; fileRef = 73CD95F12AA24D5400FA84AE /* PinView.xib */; };
		73CD96042AA24D5400FA84AE /* ActivateCardView.xib in Resources */ = {isa = PBXBuildFile; fileRef = 73CD95F32AA24D5400FA84AE /* ActivateCardView.xib */; };
		73CD96052AA24D5400FA84AE /* ActivateCardView.swift in Sources */ = {isa = PBXBuildFile; fileRef = 73CD95F42AA24D5400FA84AE /* ActivateCardView.swift */; };
		73CD96062AA24D5400FA84AE /* AESUtils.swift in Sources */ = {isa = PBXBuildFile; fileRef = 73CD95F62AA24D5400FA84AE /* AESUtils.swift */; };
		73CD96072AA24D5400FA84AE /* Service.swift in Sources */ = {isa = PBXBuildFile; fileRef = 73CD95F82AA24D5400FA84AE /* Service.swift */; };
		73CD960A2AA24D7300FA84AE /* Indicator.swift in Sources */ = {isa = PBXBuildFile; fileRef = 73CD96092AA24D7300FA84AE /* Indicator.swift */; };
		73CD960D2AA24DBE00FA84AE /* NetworkCall.swift in Sources */ = {isa = PBXBuildFile; fileRef = 73CD960C2AA24DBE00FA84AE /* NetworkCall.swift */; };
		73CD96102AA24E4A00FA84AE /* Color.swift in Sources */ = {isa = PBXBuildFile; fileRef = 73CD960F2AA24E4A00FA84AE /* Color.swift */; };
		73CD96132AA24EB000FA84AE /* Alert.swift in Sources */ = {isa = PBXBuildFile; fileRef = 73CD96122AA24EB000FA84AE /* Alert.swift */; };
		73D451092AB4BD4500E4611A /* Pods_StitchWidget.framework in Frameworks */ = {isa = PBXBuildFile; fileRef = A507FB2169FBAB73B006D6AF /* Pods_StitchWidget.framework */; };
		73D452332AB6CB7E00E4611A /* Alamofire in Frameworks */ = {isa = PBXBuildFile; productRef = 73D452322AB6CB7E00E4611A /* Alamofire */; };
		73D452362AB6CBAC00E4611A /* CryptoSwift in Frameworks */ = {isa = PBXBuildFile; productRef = 73D452352AB6CBAC00E4611A /* CryptoSwift */; };
		73D490912AA4DA4900F9F212 /* creditcard.png in Resources */ = {isa = PBXBuildFile; fileRef = 73D490902AA4DA4900F9F212 /* creditcard.png */; };
		73D490932AA4DA5200F9F212 /* mastercard.png in Resources */ = {isa = PBXBuildFile; fileRef = 73D490922AA4DA5200F9F212 /* mastercard.png */; };
		73E56D8E2A97AA3D0005162D /* StitchWidget.docc in Sources */ = {isa = PBXBuildFile; fileRef = 73E56D8D2A97AA3D0005162D /* StitchWidget.docc */; };
		73E56D942A97AA3D0005162D /* StitchWidget.framework in Frameworks */ = {isa = PBXBuildFile; fileRef = 73E56D892A97AA3D0005162D /* StitchWidget.framework */; };
		73E56D992A97AA3D0005162D /* StitchWidgetTests.swift in Sources */ = {isa = PBXBuildFile; fileRef = 73E56D982A97AA3D0005162D /* StitchWidgetTests.swift */; };
		73E56D9A2A97AA3D0005162D /* StitchWidget.h in Headers */ = {isa = PBXBuildFile; fileRef = 73E56D8C2A97AA3D0005162D /* StitchWidget.h */; settings = {ATTRIBUTES = (Public, ); }; };
		73F3543B2AAB917100C8BA1B /* Fonts.swift in Sources */ = {isa = PBXBuildFile; fileRef = 73F3543A2AAB917100C8BA1B /* Fonts.swift */; };
		73F354462AAB91A100C8BA1B /* EuclidFlex-Regular.ttf in Resources */ = {isa = PBXBuildFile; fileRef = 73F354412AAB91A100C8BA1B /* EuclidFlex-Regular.ttf */; };
		73F354472AAB91A100C8BA1B /* EuclidFlex-SemiBold.ttf in Resources */ = {isa = PBXBuildFile; fileRef = 73F354422AAB91A100C8BA1B /* EuclidFlex-SemiBold.ttf */; };
		73F354482AAB91A100C8BA1B /* DancingScript-Medium.ttf in Resources */ = {isa = PBXBuildFile; fileRef = 73F354432AAB91A100C8BA1B /* DancingScript-Medium.ttf */; };
		73F354492AAB91A100C8BA1B /* EuclidFlex-Bold.ttf in Resources */ = {isa = PBXBuildFile; fileRef = 73F354442AAB91A100C8BA1B /* EuclidFlex-Bold.ttf */; };
		73F3544A2AAB91A100C8BA1B /* EuclidFlex-Medium.ttf in Resources */ = {isa = PBXBuildFile; fileRef = 73F354452AAB91A100C8BA1B /* EuclidFlex-Medium.ttf */; };
		73F354512AAB91AC00C8BA1B /* NotoSans-Medium.ttf in Resources */ = {isa = PBXBuildFile; fileRef = 73F3544B2AAB91AC00C8BA1B /* NotoSans-Medium.ttf */; };
		73F354522AAB91AC00C8BA1B /* SansSerif-Medium.ttf in Resources */ = {isa = PBXBuildFile; fileRef = 73F3544C2AAB91AC00C8BA1B /* SansSerif-Medium.ttf */; };
		73F354532AAB91AC00C8BA1B /* Monospace-Medium.ttf in Resources */ = {isa = PBXBuildFile; fileRef = 73F3544D2AAB91AC00C8BA1B /* Monospace-Medium.ttf */; };
		73F354542AAB91AC00C8BA1B /* Roboto-Medium.ttf in Resources */ = {isa = PBXBuildFile; fileRef = 73F3544E2AAB91AC00C8BA1B /* Roboto-Medium.ttf */; };
		73F354552AAB91AC00C8BA1B /* Serif-Medium.ttf in Resources */ = {isa = PBXBuildFile; fileRef = 73F3544F2AAB91AC00C8BA1B /* Serif-Medium.ttf */; };
		73F354562AAB91AC00C8BA1B /* Ubuntu-Medium.ttf in Resources */ = {isa = PBXBuildFile; fileRef = 73F354502AAB91AC00C8BA1B /* Ubuntu-Medium.ttf */; };
/* End PBXBuildFile section */

/* Begin PBXContainerItemProxy section */
		73E56D952A97AA3D0005162D /* PBXContainerItemProxy */ = {
			isa = PBXContainerItemProxy;
			containerPortal = 73E56D802A97AA3D0005162D /* Project object */;
			proxyType = 1;
			remoteGlobalIDString = 73E56D882A97AA3D0005162D;
			remoteInfo = StitchWidget;
		};
/* End PBXContainerItemProxy section */

/* Begin PBXFileReference section */
		0763521C468168D4F647DA2B /* Pods-StitchWidget-StitchWidgetTests.release.xcconfig */ = {isa = PBXFileReference; includeInIndex = 1; lastKnownFileType = text.xcconfig; name = "Pods-StitchWidget-StitchWidgetTests.release.xcconfig"; path = "Target Support Files/Pods-StitchWidget-StitchWidgetTests/Pods-StitchWidget-StitchWidgetTests.release.xcconfig"; sourceTree = "<group>"; };
		20D38D6453B13ADA3498C310 /* Pods_StitchWidget_StitchWidgetTests.framework */ = {isa = PBXFileReference; explicitFileType = wrapper.framework; includeInIndex = 0; path = Pods_StitchWidget_StitchWidgetTests.framework; sourceTree = BUILT_PRODUCTS_DIR; };
		40CFFFEFFB1712518D0E5A58 /* Pods-StitchWidget.release.xcconfig */ = {isa = PBXFileReference; includeInIndex = 1; lastKnownFileType = text.xcconfig; name = "Pods-StitchWidget.release.xcconfig"; path = "Target Support Files/Pods-StitchWidget/Pods-StitchWidget.release.xcconfig"; sourceTree = "<group>"; };
		73CD95E12AA24D5400FA84AE /* GetCardDetailEntity.swift */ = {isa = PBXFileReference; fileEncoding = 4; lastKnownFileType = sourcecode.swift; path = GetCardDetailEntity.swift; sourceTree = "<group>"; };
		73CD95E22AA24D5400FA84AE /* SessionKeyEntity.swift */ = {isa = PBXFileReference; fileEncoding = 4; lastKnownFileType = sourcecode.swift; path = SessionKeyEntity.swift; sourceTree = "<group>"; };
		73CD95E52AA24D5400FA84AE /* ApplicationExtension.swift */ = {isa = PBXFileReference; fileEncoding = 4; lastKnownFileType = sourcecode.swift; path = ApplicationExtension.swift; sourceTree = "<group>"; };
		73CD95E62AA24D5400FA84AE /* ExtensionButton.swift */ = {isa = PBXFileReference; fileEncoding = 4; lastKnownFileType = sourcecode.swift; path = ExtensionButton.swift; sourceTree = "<group>"; };
		73CD95E72AA24D5400FA84AE /* ExtensionString.swift */ = {isa = PBXFileReference; fileEncoding = 4; lastKnownFileType = sourcecode.swift; path = ExtensionString.swift; sourceTree = "<group>"; };
		73CD95E82AA24D5400FA84AE /* ExtensionTextField.swift */ = {isa = PBXFileReference; fileEncoding = 4; lastKnownFileType = sourcecode.swift; path = ExtensionTextField.swift; sourceTree = "<group>"; };
		73CD95EA2AA24D5400FA84AE /* Constant.swift */ = {isa = PBXFileReference; fileEncoding = 4; lastKnownFileType = sourcecode.swift; path = Constant.swift; sourceTree = "<group>"; };
		73CD95ED2AA24D5400FA84AE /* WidgetCardView.swift */ = {isa = PBXFileReference; fileEncoding = 4; lastKnownFileType = sourcecode.swift; path = WidgetCardView.swift; sourceTree = "<group>"; };
		73CD95EE2AA24D5400FA84AE /* WidgetCardView.xib */ = {isa = PBXFileReference; fileEncoding = 4; lastKnownFileType = file.xib; path = WidgetCardView.xib; sourceTree = "<group>"; };
		73CD95F02AA24D5400FA84AE /* PinView.swift */ = {isa = PBXFileReference; fileEncoding = 4; lastKnownFileType = sourcecode.swift; path = PinView.swift; sourceTree = "<group>"; };
		73CD95F12AA24D5400FA84AE /* PinView.xib */ = {isa = PBXFileReference; fileEncoding = 4; lastKnownFileType = file.xib; path = PinView.xib; sourceTree = "<group>"; };
		73CD95F32AA24D5400FA84AE /* ActivateCardView.xib */ = {isa = PBXFileReference; fileEncoding = 4; lastKnownFileType = file.xib; path = ActivateCardView.xib; sourceTree = "<group>"; };
		73CD95F42AA24D5400FA84AE /* ActivateCardView.swift */ = {isa = PBXFileReference; fileEncoding = 4; lastKnownFileType = sourcecode.swift; path = ActivateCardView.swift; sourceTree = "<group>"; };
		73CD95F62AA24D5400FA84AE /* AESUtils.swift */ = {isa = PBXFileReference; fileEncoding = 4; lastKnownFileType = sourcecode.swift; path = AESUtils.swift; sourceTree = "<group>"; };
		73CD95F82AA24D5400FA84AE /* Service.swift */ = {isa = PBXFileReference; fileEncoding = 4; lastKnownFileType = sourcecode.swift; path = Service.swift; sourceTree = "<group>"; };
		73CD96092AA24D7300FA84AE /* Indicator.swift */ = {isa = PBXFileReference; fileEncoding = 4; lastKnownFileType = sourcecode.swift; path = Indicator.swift; sourceTree = "<group>"; };
		73CD960C2AA24DBE00FA84AE /* NetworkCall.swift */ = {isa = PBXFileReference; fileEncoding = 4; lastKnownFileType = sourcecode.swift; path = NetworkCall.swift; sourceTree = "<group>"; };
		73CD960F2AA24E4A00FA84AE /* Color.swift */ = {isa = PBXFileReference; fileEncoding = 4; lastKnownFileType = sourcecode.swift; path = Color.swift; sourceTree = "<group>"; };
		73CD96122AA24EB000FA84AE /* Alert.swift */ = {isa = PBXFileReference; lastKnownFileType = sourcecode.swift; path = Alert.swift; sourceTree = "<group>"; };
		73D451052AB4BD4200E4611A /* CryptoSwift.framework */ = {isa = PBXFileReference; explicitFileType = wrapper.framework; path = CryptoSwift.framework; sourceTree = BUILT_PRODUCTS_DIR; };
		73D451B22AB563BC00E4611A /* CryptoSwift.framework */ = {isa = PBXFileReference; explicitFileType = wrapper.framework; path = CryptoSwift.framework; sourceTree = BUILT_PRODUCTS_DIR; };
		73D490902AA4DA4900F9F212 /* creditcard.png */ = {isa = PBXFileReference; lastKnownFileType = image.png; path = creditcard.png; sourceTree = "<group>"; };
		73D490922AA4DA5200F9F212 /* mastercard.png */ = {isa = PBXFileReference; lastKnownFileType = image.png; path = mastercard.png; sourceTree = "<group>"; };
		73E56D892A97AA3D0005162D /* StitchWidget.framework */ = {isa = PBXFileReference; explicitFileType = wrapper.framework; includeInIndex = 0; path = StitchWidget.framework; sourceTree = BUILT_PRODUCTS_DIR; };
		73E56D8C2A97AA3D0005162D /* StitchWidget.h */ = {isa = PBXFileReference; lastKnownFileType = sourcecode.c.h; path = StitchWidget.h; sourceTree = "<group>"; };
		73E56D8D2A97AA3D0005162D /* StitchWidget.docc */ = {isa = PBXFileReference; lastKnownFileType = folder.documentationcatalog; path = StitchWidget.docc; sourceTree = "<group>"; };
		73E56D932A97AA3D0005162D /* StitchWidgetTests.xctest */ = {isa = PBXFileReference; explicitFileType = wrapper.cfbundle; includeInIndex = 0; path = StitchWidgetTests.xctest; sourceTree = BUILT_PRODUCTS_DIR; };
		73E56D982A97AA3D0005162D /* StitchWidgetTests.swift */ = {isa = PBXFileReference; lastKnownFileType = sourcecode.swift; path = StitchWidgetTests.swift; sourceTree = "<group>"; };
		73E56DEB2A97ADC50005162D /* Info.plist */ = {isa = PBXFileReference; lastKnownFileType = text.plist; path = Info.plist; sourceTree = "<group>"; };
		73F3543A2AAB917100C8BA1B /* Fonts.swift */ = {isa = PBXFileReference; fileEncoding = 4; lastKnownFileType = sourcecode.swift; path = Fonts.swift; sourceTree = "<group>"; };
		73F354412AAB91A100C8BA1B /* EuclidFlex-Regular.ttf */ = {isa = PBXFileReference; lastKnownFileType = file; path = "EuclidFlex-Regular.ttf"; sourceTree = "<group>"; };
		73F354422AAB91A100C8BA1B /* EuclidFlex-SemiBold.ttf */ = {isa = PBXFileReference; lastKnownFileType = file; path = "EuclidFlex-SemiBold.ttf"; sourceTree = "<group>"; };
		73F354432AAB91A100C8BA1B /* DancingScript-Medium.ttf */ = {isa = PBXFileReference; lastKnownFileType = file; path = "DancingScript-Medium.ttf"; sourceTree = "<group>"; };
		73F354442AAB91A100C8BA1B /* EuclidFlex-Bold.ttf */ = {isa = PBXFileReference; lastKnownFileType = file; path = "EuclidFlex-Bold.ttf"; sourceTree = "<group>"; };
		73F354452AAB91A100C8BA1B /* EuclidFlex-Medium.ttf */ = {isa = PBXFileReference; lastKnownFileType = file; path = "EuclidFlex-Medium.ttf"; sourceTree = "<group>"; };
		73F3544B2AAB91AC00C8BA1B /* NotoSans-Medium.ttf */ = {isa = PBXFileReference; lastKnownFileType = file; path = "NotoSans-Medium.ttf"; sourceTree = "<group>"; };
		73F3544C2AAB91AC00C8BA1B /* SansSerif-Medium.ttf */ = {isa = PBXFileReference; lastKnownFileType = file; path = "SansSerif-Medium.ttf"; sourceTree = "<group>"; };
		73F3544D2AAB91AC00C8BA1B /* Monospace-Medium.ttf */ = {isa = PBXFileReference; lastKnownFileType = file; path = "Monospace-Medium.ttf"; sourceTree = "<group>"; };
		73F3544E2AAB91AC00C8BA1B /* Roboto-Medium.ttf */ = {isa = PBXFileReference; lastKnownFileType = file; path = "Roboto-Medium.ttf"; sourceTree = "<group>"; };
		73F3544F2AAB91AC00C8BA1B /* Serif-Medium.ttf */ = {isa = PBXFileReference; lastKnownFileType = file; path = "Serif-Medium.ttf"; sourceTree = "<group>"; };
		73F354502AAB91AC00C8BA1B /* Ubuntu-Medium.ttf */ = {isa = PBXFileReference; lastKnownFileType = file; path = "Ubuntu-Medium.ttf"; sourceTree = "<group>"; };
		A507FB2169FBAB73B006D6AF /* Pods_StitchWidget.framework */ = {isa = PBXFileReference; explicitFileType = wrapper.framework; includeInIndex = 0; path = Pods_StitchWidget.framework; sourceTree = BUILT_PRODUCTS_DIR; };
		B83E14A0244B75D7151A4882 /* Pods-StitchWidget-StitchWidgetTests.debug.xcconfig */ = {isa = PBXFileReference; includeInIndex = 1; lastKnownFileType = text.xcconfig; name = "Pods-StitchWidget-StitchWidgetTests.debug.xcconfig"; path = "Target Support Files/Pods-StitchWidget-StitchWidgetTests/Pods-StitchWidget-StitchWidgetTests.debug.xcconfig"; sourceTree = "<group>"; };
		DC57CFCA4301EFAD1E22F3A2 /* Pods-StitchWidget.debug.xcconfig */ = {isa = PBXFileReference; includeInIndex = 1; lastKnownFileType = text.xcconfig; name = "Pods-StitchWidget.debug.xcconfig"; path = "Target Support Files/Pods-StitchWidget/Pods-StitchWidget.debug.xcconfig"; sourceTree = "<group>"; };
/* End PBXFileReference section */

/* Begin PBXFrameworksBuildPhase section */
		73E56D862A97AA3D0005162D /* Frameworks */ = {
			isa = PBXFrameworksBuildPhase;
			buildActionMask = 2147483647;
			files = (
				73D452332AB6CB7E00E4611A /* Alamofire in Frameworks */,
				73D452362AB6CBAC00E4611A /* CryptoSwift in Frameworks */,
				73D451092AB4BD4500E4611A /* Pods_StitchWidget.framework in Frameworks */,
			);
			runOnlyForDeploymentPostprocessing = 0;
		};
		73E56D902A97AA3D0005162D /* Frameworks */ = {
			isa = PBXFrameworksBuildPhase;
			buildActionMask = 2147483647;
			files = (
				73E56D942A97AA3D0005162D /* StitchWidget.framework in Frameworks */,
				4227A84238157DDF8C124EAF /* Pods_StitchWidget_StitchWidgetTests.framework in Frameworks */,
			);
			runOnlyForDeploymentPostprocessing = 0;
		};
/* End PBXFrameworksBuildPhase section */

/* Begin PBXGroup section */
		14DB59F5E156A250B9D54AAA /* Frameworks */ = {
			isa = PBXGroup;
			children = (
				73D451B22AB563BC00E4611A /* CryptoSwift.framework */,
				73D451052AB4BD4200E4611A /* CryptoSwift.framework */,
				A507FB2169FBAB73B006D6AF /* Pods_StitchWidget.framework */,
				20D38D6453B13ADA3498C310 /* Pods_StitchWidget_StitchWidgetTests.framework */,
			);
			name = Frameworks;
			sourceTree = "<group>";
		};
		73CD95DF2AA24D5400FA84AE /* Widget */ = {
			isa = PBXGroup;
			children = (
				73D490942AA4DA6500F9F212 /* Assests */,
				73CD95E02AA24D5400FA84AE /* Entity */,
				73CD95E32AA24D5400FA84AE /* Common */,
				73CD95EB2AA24D5400FA84AE /* View */,
				73CD95F52AA24D5400FA84AE /* AESUtils */,
				73CD95F72AA24D5400FA84AE /* Service */,
			);
			path = Widget;
			sourceTree = "<group>";
		};
		73CD95E02AA24D5400FA84AE /* Entity */ = {
			isa = PBXGroup;
			children = (
				73CD95E12AA24D5400FA84AE /* GetCardDetailEntity.swift */,
				73CD95E22AA24D5400FA84AE /* SessionKeyEntity.swift */,
			);
			path = Entity;
			sourceTree = "<group>";
		};
		73CD95E32AA24D5400FA84AE /* Common */ = {
			isa = PBXGroup;
			children = (
				73F354392AAB915000C8BA1B /* Font */,
				73CD96112AA24EA500FA84AE /* Alert */,
				73CD960E2AA24E4A00FA84AE /* Color */,
				73CD960B2AA24DBE00FA84AE /* Network */,
				73CD96082AA24D7300FA84AE /* Indicator */,
				73CD95E42AA24D5400FA84AE /* Extension */,
				73CD95E92AA24D5400FA84AE /* Constant */,
			);
			path = Common;
			sourceTree = "<group>";
		};
		73CD95E42AA24D5400FA84AE /* Extension */ = {
			isa = PBXGroup;
			children = (
				73CD95E52AA24D5400FA84AE /* ApplicationExtension.swift */,
				73CD95E62AA24D5400FA84AE /* ExtensionButton.swift */,
				73CD95E72AA24D5400FA84AE /* ExtensionString.swift */,
				73CD95E82AA24D5400FA84AE /* ExtensionTextField.swift */,
			);
			path = Extension;
			sourceTree = "<group>";
		};
		73CD95E92AA24D5400FA84AE /* Constant */ = {
			isa = PBXGroup;
			children = (
				73CD95EA2AA24D5400FA84AE /* Constant.swift */,
			);
			path = Constant;
			sourceTree = "<group>";
		};
		73CD95EB2AA24D5400FA84AE /* View */ = {
			isa = PBXGroup;
			children = (
				73CD95EC2AA24D5400FA84AE /* WidgetCardView */,
				73CD95EF2AA24D5400FA84AE /* PinView */,
				73CD95F22AA24D5400FA84AE /* ActivateCardView */,
			);
			path = View;
			sourceTree = "<group>";
		};
		73CD95EC2AA24D5400FA84AE /* WidgetCardView */ = {
			isa = PBXGroup;
			children = (
				73CD95ED2AA24D5400FA84AE /* WidgetCardView.swift */,
				73CD95EE2AA24D5400FA84AE /* WidgetCardView.xib */,
			);
			path = WidgetCardView;
			sourceTree = "<group>";
		};
		73CD95EF2AA24D5400FA84AE /* PinView */ = {
			isa = PBXGroup;
			children = (
				73CD95F02AA24D5400FA84AE /* PinView.swift */,
				73CD95F12AA24D5400FA84AE /* PinView.xib */,
			);
			path = PinView;
			sourceTree = "<group>";
		};
		73CD95F22AA24D5400FA84AE /* ActivateCardView */ = {
			isa = PBXGroup;
			children = (
				73CD95F32AA24D5400FA84AE /* ActivateCardView.xib */,
				73CD95F42AA24D5400FA84AE /* ActivateCardView.swift */,
			);
			path = ActivateCardView;
			sourceTree = "<group>";
		};
		73CD95F52AA24D5400FA84AE /* AESUtils */ = {
			isa = PBXGroup;
			children = (
				73CD95F62AA24D5400FA84AE /* AESUtils.swift */,
			);
			path = AESUtils;
			sourceTree = "<group>";
		};
		73CD95F72AA24D5400FA84AE /* Service */ = {
			isa = PBXGroup;
			children = (
				73CD95F82AA24D5400FA84AE /* Service.swift */,
			);
			path = Service;
			sourceTree = "<group>";
		};
		73CD96082AA24D7300FA84AE /* Indicator */ = {
			isa = PBXGroup;
			children = (
				73CD96092AA24D7300FA84AE /* Indicator.swift */,
			);
			path = Indicator;
			sourceTree = "<group>";
		};
		73CD960B2AA24DBE00FA84AE /* Network */ = {
			isa = PBXGroup;
			children = (
				73CD960C2AA24DBE00FA84AE /* NetworkCall.swift */,
			);
			path = Network;
			sourceTree = "<group>";
		};
		73CD960E2AA24E4A00FA84AE /* Color */ = {
			isa = PBXGroup;
			children = (
				73CD960F2AA24E4A00FA84AE /* Color.swift */,
			);
			path = Color;
			sourceTree = "<group>";
		};
		73CD96112AA24EA500FA84AE /* Alert */ = {
			isa = PBXGroup;
			children = (
				73CD96122AA24EB000FA84AE /* Alert.swift */,
			);
			path = Alert;
			sourceTree = "<group>";
		};
		73D490942AA4DA6500F9F212 /* Assests */ = {
			isa = PBXGroup;
			children = (
				73D490902AA4DA4900F9F212 /* creditcard.png */,
				73D490922AA4DA5200F9F212 /* mastercard.png */,
			);
			path = Assests;
			sourceTree = "<group>";
		};
		73E56D7F2A97AA3D0005162D = {
			isa = PBXGroup;
			children = (
				73E56D8B2A97AA3D0005162D /* StitchWidget */,
				73E56D972A97AA3D0005162D /* StitchWidgetTests */,
				73E56D8A2A97AA3D0005162D /* Products */,
				14DB59F5E156A250B9D54AAA /* Frameworks */,
				BD8543789D1A149D0646913C /* Pods */,
			);
			sourceTree = "<group>";
		};
		73E56D8A2A97AA3D0005162D /* Products */ = {
			isa = PBXGroup;
			children = (
				73E56D892A97AA3D0005162D /* StitchWidget.framework */,
				73E56D932A97AA3D0005162D /* StitchWidgetTests.xctest */,
			);
			name = Products;
			sourceTree = "<group>";
		};
		73E56D8B2A97AA3D0005162D /* StitchWidget */ = {
			isa = PBXGroup;
			children = (
				73CD95DF2AA24D5400FA84AE /* Widget */,
				73E56DEB2A97ADC50005162D /* Info.plist */,
				73E56D8C2A97AA3D0005162D /* StitchWidget.h */,
				73E56D8D2A97AA3D0005162D /* StitchWidget.docc */,
			);
			path = StitchWidget;
			sourceTree = "<group>";
		};
		73E56D972A97AA3D0005162D /* StitchWidgetTests */ = {
			isa = PBXGroup;
			children = (
				73E56D982A97AA3D0005162D /* StitchWidgetTests.swift */,
			);
			path = StitchWidgetTests;
			sourceTree = "<group>";
		};
		73F354392AAB915000C8BA1B /* Font */ = {
			isa = PBXGroup;
			children = (
				73F3543A2AAB917100C8BA1B /* Fonts.swift */,
				73F3544D2AAB91AC00C8BA1B /* Monospace-Medium.ttf */,
				73F3544B2AAB91AC00C8BA1B /* NotoSans-Medium.ttf */,
				73F3544E2AAB91AC00C8BA1B /* Roboto-Medium.ttf */,
				73F3544C2AAB91AC00C8BA1B /* SansSerif-Medium.ttf */,
				73F3544F2AAB91AC00C8BA1B /* Serif-Medium.ttf */,
				73F354502AAB91AC00C8BA1B /* Ubuntu-Medium.ttf */,
				73F354432AAB91A100C8BA1B /* DancingScript-Medium.ttf */,
				73F354442AAB91A100C8BA1B /* EuclidFlex-Bold.ttf */,
				73F354452AAB91A100C8BA1B /* EuclidFlex-Medium.ttf */,
				73F354412AAB91A100C8BA1B /* EuclidFlex-Regular.ttf */,
				73F354422AAB91A100C8BA1B /* EuclidFlex-SemiBold.ttf */,
			);
			path = Font;
			sourceTree = "<group>";
		};
		BD8543789D1A149D0646913C /* Pods */ = {
			isa = PBXGroup;
			children = (
				DC57CFCA4301EFAD1E22F3A2 /* Pods-StitchWidget.debug.xcconfig */,
				40CFFFEFFB1712518D0E5A58 /* Pods-StitchWidget.release.xcconfig */,
				B83E14A0244B75D7151A4882 /* Pods-StitchWidget-StitchWidgetTests.debug.xcconfig */,
				0763521C468168D4F647DA2B /* Pods-StitchWidget-StitchWidgetTests.release.xcconfig */,
			);
			path = Pods;
			sourceTree = "<group>";
		};
/* End PBXGroup section */

/* Begin PBXHeadersBuildPhase section */
		73E56D842A97AA3D0005162D /* Headers */ = {
			isa = PBXHeadersBuildPhase;
			buildActionMask = 2147483647;
			files = (
				73E56D9A2A97AA3D0005162D /* StitchWidget.h in Headers */,
			);
			runOnlyForDeploymentPostprocessing = 0;
		};
/* End PBXHeadersBuildPhase section */

/* Begin PBXNativeTarget section */
		73E56D882A97AA3D0005162D /* StitchWidget */ = {
			isa = PBXNativeTarget;
			buildConfigurationList = 73E56D9D2A97AA3D0005162D /* Build configuration list for PBXNativeTarget "StitchWidget" */;
			buildPhases = (
				70FBA8F6C4E8C504A28395CB /* [CP] Check Pods Manifest.lock */,
				73E56D842A97AA3D0005162D /* Headers */,
				73E56D852A97AA3D0005162D /* Sources */,
				73E56D862A97AA3D0005162D /* Frameworks */,
				73E56D872A97AA3D0005162D /* Resources */,
			);
			buildRules = (
			);
			dependencies = (
			);
			name = StitchWidget;
			packageProductDependencies = (
				73D452322AB6CB7E00E4611A /* Alamofire */,
				73D452352AB6CBAC00E4611A /* CryptoSwift */,
			);
			productName = StitchWidget;
			productReference = 73E56D892A97AA3D0005162D /* StitchWidget.framework */;
			productType = "com.apple.product-type.framework";
		};
		73E56D922A97AA3D0005162D /* StitchWidgetTests */ = {
			isa = PBXNativeTarget;
			buildConfigurationList = 73E56DA02A97AA3D0005162D /* Build configuration list for PBXNativeTarget "StitchWidgetTests" */;
			buildPhases = (
				C9A4A126C43F41750572319F /* [CP] Check Pods Manifest.lock */,
				73E56D8F2A97AA3D0005162D /* Sources */,
				73E56D902A97AA3D0005162D /* Frameworks */,
				73E56D912A97AA3D0005162D /* Resources */,
				B74985C20FA3A2FB265DDDD2 /* [CP] Embed Pods Frameworks */,
			);
			buildRules = (
			);
			dependencies = (
				73E56D962A97AA3D0005162D /* PBXTargetDependency */,
			);
			name = StitchWidgetTests;
			productName = StitchWidgetTests;
			productReference = 73E56D932A97AA3D0005162D /* StitchWidgetTests.xctest */;
			productType = "com.apple.product-type.bundle.unit-test";
		};
/* End PBXNativeTarget section */

/* Begin PBXProject section */
		73E56D802A97AA3D0005162D /* Project object */ = {
			isa = PBXProject;
			attributes = {
				BuildIndependentTargetsInParallel = 1;
				LastSwiftUpdateCheck = 1430;
				LastUpgradeCheck = 1430;
				TargetAttributes = {
					73E56D882A97AA3D0005162D = {
						CreatedOnToolsVersion = 14.3;
					};
					73E56D922A97AA3D0005162D = {
						CreatedOnToolsVersion = 14.3;
					};
				};
			};
			buildConfigurationList = 73E56D832A97AA3D0005162D /* Build configuration list for PBXProject "StitchWidget" */;
			compatibilityVersion = "Xcode 14.0";
			developmentRegion = en;
			hasScannedForEncodings = 0;
			knownRegions = (
				en,
				Base,
			);
			mainGroup = 73E56D7F2A97AA3D0005162D;
			packageReferences = (
				73D452312AB6CB7E00E4611A /* XCRemoteSwiftPackageReference "Alamofire" */,
				73D452342AB6CBAC00E4611A /* XCRemoteSwiftPackageReference "CryptoSwift" */,
			);
			productRefGroup = 73E56D8A2A97AA3D0005162D /* Products */;
			projectDirPath = "";
			projectRoot = "";
			targets = (
				73E56D882A97AA3D0005162D /* StitchWidget */,
				73E56D922A97AA3D0005162D /* StitchWidgetTests */,
			);
		};
/* End PBXProject section */

/* Begin PBXResourcesBuildPhase section */
		73E56D872A97AA3D0005162D /* Resources */ = {
			isa = PBXResourcesBuildPhase;
			buildActionMask = 2147483647;
			files = (
				73F354492AAB91A100C8BA1B /* EuclidFlex-Bold.ttf in Resources */,
				73F354512AAB91AC00C8BA1B /* NotoSans-Medium.ttf in Resources */,
				73CD96032AA24D5400FA84AE /* PinView.xib in Resources */,
				73CD96042AA24D5400FA84AE /* ActivateCardView.xib in Resources */,
				73F354522AAB91AC00C8BA1B /* SansSerif-Medium.ttf in Resources */,
				73D490932AA4DA5200F9F212 /* mastercard.png in Resources */,
				73F3544A2AAB91A100C8BA1B /* EuclidFlex-Medium.ttf in Resources */,
				73F354482AAB91A100C8BA1B /* DancingScript-Medium.ttf in Resources */,
				73F354532AAB91AC00C8BA1B /* Monospace-Medium.ttf in Resources */,
				73CD96012AA24D5400FA84AE /* WidgetCardView.xib in Resources */,
				73F354542AAB91AC00C8BA1B /* Roboto-Medium.ttf in Resources */,
				73F354462AAB91A100C8BA1B /* EuclidFlex-Regular.ttf in Resources */,
				73F354552AAB91AC00C8BA1B /* Serif-Medium.ttf in Resources */,
				73D490912AA4DA4900F9F212 /* creditcard.png in Resources */,
				73F354562AAB91AC00C8BA1B /* Ubuntu-Medium.ttf in Resources */,
				73F354472AAB91A100C8BA1B /* EuclidFlex-SemiBold.ttf in Resources */,
			);
			runOnlyForDeploymentPostprocessing = 0;
		};
		73E56D912A97AA3D0005162D /* Resources */ = {
			isa = PBXResourcesBuildPhase;
			buildActionMask = 2147483647;
			files = (
			);
			runOnlyForDeploymentPostprocessing = 0;
		};
/* End PBXResourcesBuildPhase section */

/* Begin PBXShellScriptBuildPhase section */
		70FBA8F6C4E8C504A28395CB /* [CP] Check Pods Manifest.lock */ = {
			isa = PBXShellScriptBuildPhase;
			buildActionMask = 2147483647;
			files = (
			);
			inputFileListPaths = (
			);
			inputPaths = (
				"${PODS_PODFILE_DIR_PATH}/Podfile.lock",
				"${PODS_ROOT}/Manifest.lock",
			);
			name = "[CP] Check Pods Manifest.lock";
			outputFileListPaths = (
			);
			outputPaths = (
				"$(DERIVED_FILE_DIR)/Pods-StitchWidget-checkManifestLockResult.txt",
			);
			runOnlyForDeploymentPostprocessing = 0;
			shellPath = /bin/sh;
			shellScript = "diff \"${PODS_PODFILE_DIR_PATH}/Podfile.lock\" \"${PODS_ROOT}/Manifest.lock\" > /dev/null\nif [ $? != 0 ] ; then\n    # print error to STDERR\n    echo \"error: The sandbox is not in sync with the Podfile.lock. Run 'pod install' or update your CocoaPods installation.\" >&2\n    exit 1\nfi\n# This output is used by Xcode 'outputs' to avoid re-running this script phase.\necho \"SUCCESS\" > \"${SCRIPT_OUTPUT_FILE_0}\"\n";
			showEnvVarsInLog = 0;
		};
		B74985C20FA3A2FB265DDDD2 /* [CP] Embed Pods Frameworks */ = {
			isa = PBXShellScriptBuildPhase;
			buildActionMask = 2147483647;
			files = (
			);
			inputFileListPaths = (
				"${PODS_ROOT}/Target Support Files/Pods-StitchWidget-StitchWidgetTests/Pods-StitchWidget-StitchWidgetTests-frameworks-${CONFIGURATION}-input-files.xcfilelist",
			);
			name = "[CP] Embed Pods Frameworks";
			outputFileListPaths = (
				"${PODS_ROOT}/Target Support Files/Pods-StitchWidget-StitchWidgetTests/Pods-StitchWidget-StitchWidgetTests-frameworks-${CONFIGURATION}-output-files.xcfilelist",
			);
			runOnlyForDeploymentPostprocessing = 0;
			shellPath = /bin/sh;
			shellScript = "\"${PODS_ROOT}/Target Support Files/Pods-StitchWidget-StitchWidgetTests/Pods-StitchWidget-StitchWidgetTests-frameworks.sh\"\n";
			showEnvVarsInLog = 0;
		};
		C9A4A126C43F41750572319F /* [CP] Check Pods Manifest.lock */ = {
			isa = PBXShellScriptBuildPhase;
			buildActionMask = 2147483647;
			files = (
			);
			inputFileListPaths = (
			);
			inputPaths = (
				"${PODS_PODFILE_DIR_PATH}/Podfile.lock",
				"${PODS_ROOT}/Manifest.lock",
			);
			name = "[CP] Check Pods Manifest.lock";
			outputFileListPaths = (
			);
			outputPaths = (
				"$(DERIVED_FILE_DIR)/Pods-StitchWidget-StitchWidgetTests-checkManifestLockResult.txt",
			);
			runOnlyForDeploymentPostprocessing = 0;
			shellPath = /bin/sh;
			shellScript = "diff \"${PODS_PODFILE_DIR_PATH}/Podfile.lock\" \"${PODS_ROOT}/Manifest.lock\" > /dev/null\nif [ $? != 0 ] ; then\n    # print error to STDERR\n    echo \"error: The sandbox is not in sync with the Podfile.lock. Run 'pod install' or update your CocoaPods installation.\" >&2\n    exit 1\nfi\n# This output is used by Xcode 'outputs' to avoid re-running this script phase.\necho \"SUCCESS\" > \"${SCRIPT_OUTPUT_FILE_0}\"\n";
			showEnvVarsInLog = 0;
		};
/* End PBXShellScriptBuildPhase section */

/* Begin PBXSourcesBuildPhase section */
		73E56D852A97AA3D0005162D /* Sources */ = {
			isa = PBXSourcesBuildPhase;
			buildActionMask = 2147483647;
			files = (
				73CD96022AA24D5400FA84AE /* PinView.swift in Sources */,
				73CD960A2AA24D7300FA84AE /* Indicator.swift in Sources */,
				73CD96072AA24D5400FA84AE /* Service.swift in Sources */,
				73CD96132AA24EB000FA84AE /* Alert.swift in Sources */,
				73CD95FA2AA24D5400FA84AE /* SessionKeyEntity.swift in Sources */,
				73CD960D2AA24DBE00FA84AE /* NetworkCall.swift in Sources */,
				73CD96102AA24E4A00FA84AE /* Color.swift in Sources */,
				73CD95FE2AA24D5400FA84AE /* ExtensionTextField.swift in Sources */,
				73CD95F92AA24D5400FA84AE /* GetCardDetailEntity.swift in Sources */,
				73CD95FF2AA24D5400FA84AE /* Constant.swift in Sources */,
				73CD95FD2AA24D5400FA84AE /* ExtensionString.swift in Sources */,
				73CD95FB2AA24D5400FA84AE /* ApplicationExtension.swift in Sources */,
				73CD96052AA24D5400FA84AE /* ActivateCardView.swift in Sources */,
				73CD96002AA24D5400FA84AE /* WidgetCardView.swift in Sources */,
				73E56D8E2A97AA3D0005162D /* StitchWidget.docc in Sources */,
				73CD95FC2AA24D5400FA84AE /* ExtensionButton.swift in Sources */,
				73F3543B2AAB917100C8BA1B /* Fonts.swift in Sources */,
				73CD96062AA24D5400FA84AE /* AESUtils.swift in Sources */,
			);
			runOnlyForDeploymentPostprocessing = 0;
		};
		73E56D8F2A97AA3D0005162D /* Sources */ = {
			isa = PBXSourcesBuildPhase;
			buildActionMask = 2147483647;
			files = (
				73E56D992A97AA3D0005162D /* StitchWidgetTests.swift in Sources */,
			);
			runOnlyForDeploymentPostprocessing = 0;
		};
/* End PBXSourcesBuildPhase section */

/* Begin PBXTargetDependency section */
		73E56D962A97AA3D0005162D /* PBXTargetDependency */ = {
			isa = PBXTargetDependency;
			target = 73E56D882A97AA3D0005162D /* StitchWidget */;
			targetProxy = 73E56D952A97AA3D0005162D /* PBXContainerItemProxy */;
		};
/* End PBXTargetDependency section */

/* Begin XCBuildConfiguration section */
		73E56D9B2A97AA3D0005162D /* Debug */ = {
			isa = XCBuildConfiguration;
			buildSettings = {
				ALWAYS_SEARCH_USER_PATHS = NO;
				BUILD_LIBRARY_FOR_DISTRIBUTION = YES;
				CLANG_ANALYZER_NONNULL = YES;
				CLANG_ANALYZER_NUMBER_OBJECT_CONVERSION = YES_AGGRESSIVE;
				CLANG_CXX_LANGUAGE_STANDARD = "gnu++20";
				CLANG_ENABLE_MODULES = YES;
				CLANG_ENABLE_OBJC_ARC = YES;
				CLANG_ENABLE_OBJC_WEAK = YES;
				CLANG_WARN_BLOCK_CAPTURE_AUTORELEASING = YES;
				CLANG_WARN_BOOL_CONVERSION = YES;
				CLANG_WARN_COMMA = YES;
				CLANG_WARN_CONSTANT_CONVERSION = YES;
				CLANG_WARN_DEPRECATED_OBJC_IMPLEMENTATIONS = YES;
				CLANG_WARN_DIRECT_OBJC_ISA_USAGE = YES_ERROR;
				CLANG_WARN_DOCUMENTATION_COMMENTS = YES;
				CLANG_WARN_EMPTY_BODY = YES;
				CLANG_WARN_ENUM_CONVERSION = YES;
				CLANG_WARN_INFINITE_RECURSION = YES;
				CLANG_WARN_INT_CONVERSION = YES;
				CLANG_WARN_NON_LITERAL_NULL_CONVERSION = YES;
				CLANG_WARN_OBJC_IMPLICIT_RETAIN_SELF = YES;
				CLANG_WARN_OBJC_LITERAL_CONVERSION = YES;
				CLANG_WARN_OBJC_ROOT_CLASS = YES_ERROR;
				CLANG_WARN_QUOTED_INCLUDE_IN_FRAMEWORK_HEADER = YES;
				CLANG_WARN_RANGE_LOOP_ANALYSIS = YES;
				CLANG_WARN_STRICT_PROTOTYPES = YES;
				CLANG_WARN_SUSPICIOUS_MOVE = YES;
				CLANG_WARN_UNGUARDED_AVAILABILITY = YES_AGGRESSIVE;
				CLANG_WARN_UNREACHABLE_CODE = YES;
				CLANG_WARN__DUPLICATE_METHOD_MATCH = YES;
				COPY_PHASE_STRIP = NO;
				CURRENT_PROJECT_VERSION = 1;
				DEBUG_INFORMATION_FORMAT = dwarf;
				ENABLE_STRICT_OBJC_MSGSEND = YES;
				ENABLE_TESTABILITY = YES;
				GCC_C_LANGUAGE_STANDARD = gnu11;
				GCC_DYNAMIC_NO_PIC = NO;
				GCC_NO_COMMON_BLOCKS = YES;
				GCC_OPTIMIZATION_LEVEL = 0;
				GCC_PREPROCESSOR_DEFINITIONS = (
					"DEBUG=1",
					"$(inherited)",
				);
				GCC_WARN_64_TO_32_BIT_CONVERSION = YES;
				GCC_WARN_ABOUT_RETURN_TYPE = YES_ERROR;
				GCC_WARN_UNDECLARED_SELECTOR = YES;
				GCC_WARN_UNINITIALIZED_AUTOS = YES_AGGRESSIVE;
				GCC_WARN_UNUSED_FUNCTION = YES;
				GCC_WARN_UNUSED_VARIABLE = YES;
				IPHONEOS_DEPLOYMENT_TARGET = 16.0;
				MTL_ENABLE_DEBUG_INFO = INCLUDE_SOURCE;
				MTL_FAST_MATH = YES;
				ONLY_ACTIVE_ARCH = YES;
				SDKROOT = iphoneos;
				SWIFT_ACTIVE_COMPILATION_CONDITIONS = DEBUG;
				SWIFT_OPTIMIZATION_LEVEL = "-Onone";
				VERSIONING_SYSTEM = "apple-generic";
				VERSION_INFO_PREFIX = "";
			};
			name = Debug;
		};
		73E56D9C2A97AA3D0005162D /* Release */ = {
			isa = XCBuildConfiguration;
			buildSettings = {
				ALWAYS_SEARCH_USER_PATHS = NO;
				BUILD_LIBRARY_FOR_DISTRIBUTION = YES;
				CLANG_ANALYZER_NONNULL = YES;
				CLANG_ANALYZER_NUMBER_OBJECT_CONVERSION = YES_AGGRESSIVE;
				CLANG_CXX_LANGUAGE_STANDARD = "gnu++20";
				CLANG_ENABLE_MODULES = YES;
				CLANG_ENABLE_OBJC_ARC = YES;
				CLANG_ENABLE_OBJC_WEAK = YES;
				CLANG_WARN_BLOCK_CAPTURE_AUTORELEASING = YES;
				CLANG_WARN_BOOL_CONVERSION = YES;
				CLANG_WARN_COMMA = YES;
				CLANG_WARN_CONSTANT_CONVERSION = YES;
				CLANG_WARN_DEPRECATED_OBJC_IMPLEMENTATIONS = YES;
				CLANG_WARN_DIRECT_OBJC_ISA_USAGE = YES_ERROR;
				CLANG_WARN_DOCUMENTATION_COMMENTS = YES;
				CLANG_WARN_EMPTY_BODY = YES;
				CLANG_WARN_ENUM_CONVERSION = YES;
				CLANG_WARN_INFINITE_RECURSION = YES;
				CLANG_WARN_INT_CONVERSION = YES;
				CLANG_WARN_NON_LITERAL_NULL_CONVERSION = YES;
				CLANG_WARN_OBJC_IMPLICIT_RETAIN_SELF = YES;
				CLANG_WARN_OBJC_LITERAL_CONVERSION = YES;
				CLANG_WARN_OBJC_ROOT_CLASS = YES_ERROR;
				CLANG_WARN_QUOTED_INCLUDE_IN_FRAMEWORK_HEADER = YES;
				CLANG_WARN_RANGE_LOOP_ANALYSIS = YES;
				CLANG_WARN_STRICT_PROTOTYPES = YES;
				CLANG_WARN_SUSPICIOUS_MOVE = YES;
				CLANG_WARN_UNGUARDED_AVAILABILITY = YES_AGGRESSIVE;
				CLANG_WARN_UNREACHABLE_CODE = YES;
				CLANG_WARN__DUPLICATE_METHOD_MATCH = YES;
				COPY_PHASE_STRIP = NO;
				CURRENT_PROJECT_VERSION = 1;
				DEBUG_INFORMATION_FORMAT = "dwarf-with-dsym";
				ENABLE_NS_ASSERTIONS = NO;
				ENABLE_STRICT_OBJC_MSGSEND = YES;
				GCC_C_LANGUAGE_STANDARD = gnu11;
				GCC_NO_COMMON_BLOCKS = YES;
				GCC_WARN_64_TO_32_BIT_CONVERSION = YES;
				GCC_WARN_ABOUT_RETURN_TYPE = YES_ERROR;
				GCC_WARN_UNDECLARED_SELECTOR = YES;
				GCC_WARN_UNINITIALIZED_AUTOS = YES_AGGRESSIVE;
				GCC_WARN_UNUSED_FUNCTION = YES;
				GCC_WARN_UNUSED_VARIABLE = YES;
				IPHONEOS_DEPLOYMENT_TARGET = 16.0;
				MTL_ENABLE_DEBUG_INFO = NO;
				MTL_FAST_MATH = YES;
				SDKROOT = iphoneos;
				SWIFT_COMPILATION_MODE = wholemodule;
				SWIFT_OPTIMIZATION_LEVEL = "-O";
				VALIDATE_PRODUCT = YES;
				VERSIONING_SYSTEM = "apple-generic";
				VERSION_INFO_PREFIX = "";
			};
			name = Release;
		};
		73E56D9E2A97AA3D0005162D /* Debug */ = {
			isa = XCBuildConfiguration;
			baseConfigurationReference = DC57CFCA4301EFAD1E22F3A2 /* Pods-StitchWidget.debug.xcconfig */;
			buildSettings = {
				BUILD_LIBRARY_FOR_DISTRIBUTION = YES;
				CLANG_ALLOW_NON_MODULAR_INCLUDES_IN_FRAMEWORK_MODULES = YES;
				CODE_SIGN_STYLE = Automatic;
				CURRENT_PROJECT_VERSION = 1;
				DEFINES_MODULE = YES;
				DYLIB_COMPATIBILITY_VERSION = 1;
				DYLIB_CURRENT_VERSION = 1;
				DYLIB_INSTALL_NAME_BASE = "@rpath";
				ENABLE_MODULE_VERIFIER = YES;
				GENERATE_INFOPLIST_FILE = YES;
				INFOPLIST_FILE = StitchWidget/Info.plist;
				INFOPLIST_KEY_NSHumanReadableCopyright = "";
				INSTALL_PATH = "$(LOCAL_LIBRARY_DIR)/Frameworks";
				IPHONEOS_DEPLOYMENT_TARGET = 13.0;
				LD_RUNPATH_SEARCH_PATHS = (
					"$(inherited)",
					"@executable_path/Frameworks",
					"@loader_path/Frameworks",
				);
				MARKETING_VERSION = 1.0;
				MODULE_VERIFIER_SUPPORTED_LANGUAGES = "objective-c objective-c++";
				MODULE_VERIFIER_SUPPORTED_LANGUAGE_STANDARDS = "gnu11 gnu++20";
				PRODUCT_BUNDLE_IDENTIFIER = com.stitchwidget.app.StitchWidget;
				PRODUCT_NAME = "$(TARGET_NAME:c99extidentifier)";
				SKIP_INSTALL = YES;
				SUPPORTED_PLATFORMS = "iphoneos iphonesimulator";
				SUPPORTS_MACCATALYST = NO;
				SUPPORTS_MAC_DESIGNED_FOR_IPHONE_IPAD = NO;
				SWIFT_EMIT_LOC_STRINGS = YES;
				SWIFT_VERSION = 5.0;
				TARGETED_DEVICE_FAMILY = 1;
			};
			name = Debug;
		};
		73E56D9F2A97AA3D0005162D /* Release */ = {
			isa = XCBuildConfiguration;
			baseConfigurationReference = 40CFFFEFFB1712518D0E5A58 /* Pods-StitchWidget.release.xcconfig */;
			buildSettings = {
				BUILD_LIBRARY_FOR_DISTRIBUTION = YES;
				CLANG_ALLOW_NON_MODULAR_INCLUDES_IN_FRAMEWORK_MODULES = YES;
				CODE_SIGN_STYLE = Automatic;
				CURRENT_PROJECT_VERSION = 1;
				DEFINES_MODULE = YES;
				DYLIB_COMPATIBILITY_VERSION = 1;
				DYLIB_CURRENT_VERSION = 1;
				DYLIB_INSTALL_NAME_BASE = "@rpath";
				ENABLE_MODULE_VERIFIER = YES;
				GENERATE_INFOPLIST_FILE = YES;
				INFOPLIST_FILE = StitchWidget/Info.plist;
				INFOPLIST_KEY_NSHumanReadableCopyright = "";
				INSTALL_PATH = "$(LOCAL_LIBRARY_DIR)/Frameworks";
				IPHONEOS_DEPLOYMENT_TARGET = 13.0;
				LD_RUNPATH_SEARCH_PATHS = (
					"$(inherited)",
					"@executable_path/Frameworks",
					"@loader_path/Frameworks",
				);
				MARKETING_VERSION = 1.0;
				MODULE_VERIFIER_SUPPORTED_LANGUAGES = "objective-c objective-c++";
				MODULE_VERIFIER_SUPPORTED_LANGUAGE_STANDARDS = "gnu11 gnu++20";
				ONLY_ACTIVE_ARCH = YES;
				PRODUCT_BUNDLE_IDENTIFIER = com.stitchwidget.app.StitchWidget;
				PRODUCT_NAME = "$(TARGET_NAME:c99extidentifier)";
				SKIP_INSTALL = YES;
				SUPPORTED_PLATFORMS = "iphoneos iphonesimulator";
				SUPPORTS_MACCATALYST = NO;
				SUPPORTS_MAC_DESIGNED_FOR_IPHONE_IPAD = NO;
				SWIFT_EMIT_LOC_STRINGS = YES;
				SWIFT_VERSION = 5.0;
				TARGETED_DEVICE_FAMILY = 1;
			};
			name = Release;
		};
		73E56DA12A97AA3D0005162D /* Debug */ = {
			isa = XCBuildConfiguration;
			baseConfigurationReference = B83E14A0244B75D7151A4882 /* Pods-StitchWidget-StitchWidgetTests.debug.xcconfig */;
			buildSettings = {
				ALWAYS_EMBED_SWIFT_STANDARD_LIBRARIES = YES;
				CODE_SIGN_STYLE = Automatic;
				CURRENT_PROJECT_VERSION = 1;
				GENERATE_INFOPLIST_FILE = YES;
				MARKETING_VERSION = 1.0;
				PRODUCT_BUNDLE_IDENTIFIER = com.stitchwidget.app.StitchWidgetTests;
				PRODUCT_NAME = "$(TARGET_NAME)";
				SWIFT_EMIT_LOC_STRINGS = NO;
				SWIFT_VERSION = 5.0;
				TARGETED_DEVICE_FAMILY = "1,2";
			};
			name = Debug;
		};
		73E56DA22A97AA3D0005162D /* Release */ = {
			isa = XCBuildConfiguration;
			baseConfigurationReference = 0763521C468168D4F647DA2B /* Pods-StitchWidget-StitchWidgetTests.release.xcconfig */;
			buildSettings = {
				ALWAYS_EMBED_SWIFT_STANDARD_LIBRARIES = YES;
				CODE_SIGN_STYLE = Automatic;
				CURRENT_PROJECT_VERSION = 1;
				GENERATE_INFOPLIST_FILE = YES;
				MARKETING_VERSION = 1.0;
				PRODUCT_BUNDLE_IDENTIFIER = com.stitchwidget.app.StitchWidgetTests;
				PRODUCT_NAME = "$(TARGET_NAME)";
				SWIFT_EMIT_LOC_STRINGS = NO;
				SWIFT_VERSION = 5.0;
				TARGETED_DEVICE_FAMILY = "1,2";
			};
			name = Release;
		};
/* End XCBuildConfiguration section */

/* Begin XCConfigurationList section */
		73E56D832A97AA3D0005162D /* Build configuration list for PBXProject "StitchWidget" */ = {
			isa = XCConfigurationList;
			buildConfigurations = (
				73E56D9B2A97AA3D0005162D /* Debug */,
				73E56D9C2A97AA3D0005162D /* Release */,
			);
			defaultConfigurationIsVisible = 0;
			defaultConfigurationName = Release;
		};
		73E56D9D2A97AA3D0005162D /* Build configuration list for PBXNativeTarget "StitchWidget" */ = {
			isa = XCConfigurationList;
			buildConfigurations = (
				73E56D9E2A97AA3D0005162D /* Debug */,
				73E56D9F2A97AA3D0005162D /* Release */,
			);
			defaultConfigurationIsVisible = 0;
			defaultConfigurationName = Release;
		};
		73E56DA02A97AA3D0005162D /* Build configuration list for PBXNativeTarget "StitchWidgetTests" */ = {
			isa = XCConfigurationList;
			buildConfigurations = (
				73E56DA12A97AA3D0005162D /* Debug */,
				73E56DA22A97AA3D0005162D /* Release */,
			);
			defaultConfigurationIsVisible = 0;
			defaultConfigurationName = Release;
		};
/* End XCConfigurationList section */

/* Begin XCRemoteSwiftPackageReference section */
		73D452312AB6CB7E00E4611A /* XCRemoteSwiftPackageReference "Alamofire" */ = {
			isa = XCRemoteSwiftPackageReference;
			repositoryURL = "https://github.com/Alamofire/Alamofire.git";
			requirement = {
				kind = upToNextMajorVersion;
				minimumVersion = 5.0.0;
			};
		};
		73D452342AB6CBAC00E4611A /* XCRemoteSwiftPackageReference "CryptoSwift" */ = {
			isa = XCRemoteSwiftPackageReference;
			repositoryURL = "https://github.com/krzyzanowskim/CryptoSwift.git";
			requirement = {
				kind = upToNextMajorVersion;
				minimumVersion = 1.0.0;
			};
		};
/* End XCRemoteSwiftPackageReference section */

/* Begin XCSwiftPackageProductDependency section */
		73D452322AB6CB7E00E4611A /* Alamofire */ = {
			isa = XCSwiftPackageProductDependency;
			package = 73D452312AB6CB7E00E4611A /* XCRemoteSwiftPackageReference "Alamofire" */;
			productName = Alamofire;
		};
		73D452352AB6CBAC00E4611A /* CryptoSwift */ = {
			isa = XCSwiftPackageProductDependency;
			package = 73D452342AB6CBAC00E4611A /* XCRemoteSwiftPackageReference "CryptoSwift" */;
			productName = CryptoSwift;
		};
/* End XCSwiftPackageProductDependency section */
	};
	rootObject = 73E56D802A97AA3D0005162D /* Project object */;
}
